
Microsoft Visual Studio Solution File, Format Version 12.00
# Visual Studio Version 17
VisualStudioVersion = 17.9.34622.214
MinimumVisualStudioVersion = 10.0.40219.1
Project("{8BC9CEB8-8B4A-11D0-8D11-00A0C91BC942}") = "Sandbox", "Sandbox\Sandbox.vcxproj", "{BCF715C5-17D8-4489-A39A-2FAE7761BD2C}"
EndProject
Project("{8BC9CEB8-8B4A-11D0-8D11-00A0C91BC942}") = "MAXWELL", "MAXWELL\MAXWELL.vcxproj", "{9AABFE4F-AABC-45A1-9CEA-A255FC1F7A6D}"
EndProject
Global
	GlobalSection(SolutionConfigurationPlatforms) = preSolution
		Debug|x64 = Debug|x64
		Release|x64 = Release|x64
	EndGlobalSection
	GlobalSection(ProjectConfigurationPlatforms) = postSolution
		{9AABFE4F-AABC-45A1-9CEA-A255FC1F7A6D}.Debug|x64.ActiveCfg = Debug|x64
		{9AABFE4F-AABC-45A1-9CEA-A255FC1F7A6D}.Debug|x64.Build.0 = Debug|x64
		{9AABFE4F-AABC-45A1-9CEA-A255FC1F7A6D}.Release|x64.ActiveCfg = Release|x64
		{9AABFE4F-AABC-45A1-9CEA-A255FC1F7A6D}.Release|x64.Build.0 = Release|x64
		{BCF715C5-17D8-4489-A39A-2FAE7761BD2C}.Debug|x64.ActiveCfg = Debug|x64
		{BCF715C5-17D8-4489-A39A-2FAE7761BD2C}.Debug|x64.Build.0 = Debug|x64
		{BCF715C5-17D8-4489-A39A-2FAE7761BD2C}.Release|x64.ActiveCfg = Release|x64
		{BCF715C5-17D8-4489-A39A-2FAE7761BD2C}.Release|x64.Build.0 = Release|x64
	EndGlobalSection
	GlobalSection(SolutionProperties) = preSolution
		HideSolutionNode = FALSE
	EndGlobalSection
	GlobalSection(ExtensibilityGlobals) = postSolution
		SolutionGuid = {A3CFBF9F-81B9-4FC8-BBB0-F90EA73EDAB3}
	EndGlobalSection
EndGlobal
